
Microsoft Visual Studio Solution File, Format Version 12.00
# Visual Studio Version 16
VisualStudioVersion = 16.0.30717.126
MinimumVisualStudioVersion = 10.0.40219.1
Project("{FAE04EC0-301F-11D3-BF4B-00C04F79EFBC}") = "Phoneword.Android", "Phoneword.Android\Phoneword.Android.csproj", "{51E53AF3-2146-4192-AD69-CF0F90C7DFD4}"
EndProject
Project("{FAE04EC0-301F-11D3-BF4B-00C04F79EFBC}") = "Phoneword.iOS", "Phoneword.iOS\Phoneword.iOS.csproj", "{8437A479-9B14-4682-B48F-5F588C5BB9F8}"
EndProject
Project("{FAE04EC0-301F-11D3-BF4B-00C04F79EFBC}") = "Phoneword", "Phoneword\Phoneword.csproj", "{F36C345C-CFA0-44C3-B02C-D461FD75AD74}"
EndProject
Global
	GlobalSection(SolutionConfigurationPlatforms) = preSolution
		Debug|Any CPU = Debug|Any CPU
		Debug|iPhone = Debug|iPhone
		Debug|iPhoneSimulator = Debug|iPhoneSimulator
		Release|Any CPU = Release|Any CPU
		Release|iPhone = Release|iPhone
		Release|iPhoneSimulator = Release|iPhoneSimulator
	EndGlobalSection
	GlobalSection(ProjectConfigurationPlatforms) = postSolution
		{51E53AF3-2146-4192-AD69-CF0F90C7DFD4}.Debug|Any CPU.ActiveCfg = Debug|Any CPU
		{51E53AF3-2146-4192-AD69-CF0F90C7DFD4}.Debug|Any CPU.Build.0 = Debug|Any CPU
		{51E53AF3-2146-4192-AD69-CF0F90C7DFD4}.Debug|Any CPU.Deploy.0 = Debug|Any CPU
		{51E53AF3-2146-4192-AD69-CF0F90C7DFD4}.Debug|iPhone.ActiveCfg = Debug|Any CPU
		{51E53AF3-2146-4192-AD69-CF0F90C7DFD4}.Debug|iPhone.Build.0 = Debug|Any CPU
		{51E53AF3-2146-4192-AD69-CF0F90C7DFD4}.Debug|iPhone.Deploy.0 = Debug|Any CPU
		{51E53AF3-2146-4192-AD69-CF0F90C7DFD4}.Debug|iPhoneSimulator.ActiveCfg = Debug|Any CPU
		{51E53AF3-2146-4192-AD69-CF0F90C7DFD4}.Debug|iPhoneSimulator.Build.0 = Debug|Any CPU
		{51E53AF3-2146-4192-AD69-CF0F90C7DFD4}.Debug|iPhoneSimulator.Deploy.0 = Debug|Any CPU
		{51E53AF3-2146-4192-AD69-CF0F90C7DFD4}.Release|Any CPU.ActiveCfg = Release|Any CPU
		{51E53AF3-2146-4192-AD69-CF0F90C7DFD4}.Release|Any CPU.Build.0 = Release|Any CPU
		{51E53AF3-2146-4192-AD69-CF0F90C7DFD4}.Release|Any CPU.Deploy.0 = Release|Any CPU
		{51E53AF3-2146-4192-AD69-CF0F90C7DFD4}.Release|iPhone.ActiveCfg = Release|Any CPU
		{51E53AF3-2146-4192-AD69-CF0F90C7DFD4}.Release|iPhone.Build.0 = Release|Any CPU
		{51E53AF3-2146-4192-AD69-CF0F90C7DFD4}.Release|iPhone.Deploy.0 = Release|Any CPU
		{51E53AF3-2146-4192-AD69-CF0F90C7DFD4}.Release|iPhoneSimulator.ActiveCfg = Release|Any CPU
		{51E53AF3-2146-4192-AD69-CF0F90C7DFD4}.Release|iPhoneSimulator.Build.0 = Release|Any CPU
		{51E53AF3-2146-4192-AD69-CF0F90C7DFD4}.Release|iPhoneSimulator.Deploy.0 = Release|Any CPU
		{8437A479-9B14-4682-B48F-5F588C5BB9F8}.Debug|Any CPU.ActiveCfg = Debug|iPhone
		{8437A479-9B14-4682-B48F-5F588C5BB9F8}.Debug|Any CPU.Build.0 = Debug|iPhone
		{8437A479-9B14-4682-B48F-5F588C5BB9F8}.Debug|Any CPU.Deploy.0 = Debug|iPhone
		{8437A479-9B14-4682-B48F-5F588C5BB9F8}.Debug|iPhone.ActiveCfg = Debug|iPhone
		{8437A479-9B14-4682-B48F-5F588C5BB9F8}.Debug|iPhone.Build.0 = Debug|iPhone
		{8437A479-9B14-4682-B48F-5F588C5BB9F8}.Debug|iPhone.Deploy.0 = Debug|iPhone
		{8437A479-9B14-4682-B48F-5F588C5BB9F8}.Debug|iPhoneSimulator.ActiveCfg = Debug|iPhoneSimulator
		{8437A479-9B14-4682-B48F-5F588C5BB9F8}.Debug|iPhoneSimulator.Build.0 = Debug|iPhoneSimulator
		{8437A479-9B14-4682-B48F-5F588C5BB9F8}.Debug|iPhoneSimulator.Deploy.0 = Debug|iPhoneSimulator
		{8437A479-9B14-4682-B48F-5F588C5BB9F8}.Release|Any CPU.ActiveCfg = Release|iPhoneSimulator
		{8437A479-9B14-4682-B48F-5F588C5BB9F8}.Release|Any CPU.Build.0 = Release|iPhoneSimulator
		{8437A479-9B14-4682-B48F-5F588C5BB9F8}.Release|Any CPU.Deploy.0 = Release|iPhoneSimulator
		{8437A479-9B14-4682-B48F-5F588C5BB9F8}.Release|iPhone.ActiveCfg = Release|iPhone
		{8437A479-9B14-4682-B48F-5F588C5BB9F8}.Release|iPhone.Build.0 = Release|iPhone
		{8437A479-9B14-4682-B48F-5F588C5BB9F8}.Release|iPhone.Deploy.0 = Release|iPhone
		{8437A479-9B14-4682-B48F-5F588C5BB9F8}.Release|iPhoneSimulator.ActiveCfg = Release|iPhoneSimulator
		{8437A479-9B14-4682-B48F-5F588C5BB9F8}.Release|iPhoneSimulator.Build.0 = Release|iPhoneSimulator
		{8437A479-9B14-4682-B48F-5F588C5BB9F8}.Release|iPhoneSimulator.Deploy.0 = Release|iPhoneSimulator
		{F36C345C-CFA0-44C3-B02C-D461FD75AD74}.Debug|Any CPU.ActiveCfg = Debug|Any CPU
		{F36C345C-CFA0-44C3-B02C-D461FD75AD74}.Debug|Any CPU.Build.0 = Debug|Any CPU
		{F36C345C-CFA0-44C3-B02C-D461FD75AD74}.Debug|Any CPU.Deploy.0 = Debug|Any CPU
		{F36C345C-CFA0-44C3-B02C-D461FD75AD74}.Debug|iPhone.ActiveCfg = Debug|Any CPU
		{F36C345C-CFA0-44C3-B02C-D461FD75AD74}.Debug|iPhone.Build.0 = Debug|Any CPU
		{F36C345C-CFA0-44C3-B02C-D461FD75AD74}.Debug|iPhone.Deploy.0 = Debug|Any CPU
		{F36C345C-CFA0-44C3-B02C-D461FD75AD74}.Debug|iPhoneSimulator.ActiveCfg = Debug|Any CPU
		{F36C345C-CFA0-44C3-B02C-D461FD75AD74}.Debug|iPhoneSimulator.Build.0 = Debug|Any CPU
		{F36C345C-CFA0-44C3-B02C-D461FD75AD74}.Debug|iPhoneSimulator.Deploy.0 = Debug|Any CPU
		{F36C345C-CFA0-44C3-B02C-D461FD75AD74}.Release|Any CPU.ActiveCfg = Release|Any CPU
		{F36C345C-CFA0-44C3-B02C-D461FD75AD74}.Release|Any CPU.Build.0 = Release|Any CPU
		{F36C345C-CFA0-44C3-B02C-D461FD75AD74}.Release|Any CPU.Deploy.0 = Release|Any CPU
		{F36C345C-CFA0-44C3-B02C-D461FD75AD74}.Release|iPhone.ActiveCfg = Release|Any CPU
		{F36C345C-CFA0-44C3-B02C-D461FD75AD74}.Release|iPhone.Build.0 = Release|Any CPU
		{F36C345C-CFA0-44C3-B02C-D461FD75AD74}.Release|iPhone.Deploy.0 = Release|Any CPU
		{F36C345C-CFA0-44C3-B02C-D461FD75AD74}.Release|iPhoneSimulator.ActiveCfg = Release|Any CPU
		{F36C345C-CFA0-44C3-B02C-D461FD75AD74}.Release|iPhoneSimulator.Build.0 = Release|Any CPU
		{F36C345C-CFA0-44C3-B02C-D461FD75AD74}.Release|iPhoneSimulator.Deploy.0 = Release|Any CPU
	EndGlobalSection
	GlobalSection(SolutionProperties) = preSolution
		HideSolutionNode = FALSE
	EndGlobalSection
	GlobalSection(ExtensibilityGlobals) = postSolution
		SolutionGuid = {CF976934-F81C-48B4-8C9B-3E84B8649050}
	EndGlobalSection
EndGlobal
